
Microsoft Visual Studio Solution File, Format Version 12.00
# Visual Studio Version 16
VisualStudioVersion = 16.0.30225.117
MinimumVisualStudioVersion = 10.0.40219.1
Project("{FAE04EC0-301F-11D3-BF4B-00C04F79EFBC}") = "DnD Text Adventure", "DnD Text Adventure\DnD Text Adventure.csproj", "{442EC783-5B77-459D-9C32-6ACD8D1CF4BB}"
EndProject
Global
	GlobalSection(SolutionConfigurationPlatforms) = preSolution
		Debug|Any CPU = Debug|Any CPU
		Release|Any CPU = Release|Any CPU
	EndGlobalSection
	GlobalSection(ProjectConfigurationPlatforms) = postSolution
		{442EC783-5B77-459D-9C32-6ACD8D1CF4BB}.Debug|Any CPU.ActiveCfg = Debug|Any CPU
		{442EC783-5B77-459D-9C32-6ACD8D1CF4BB}.Debug|Any CPU.Build.0 = Debug|Any CPU
		{442EC783-5B77-459D-9C32-6ACD8D1CF4BB}.Release|Any CPU.ActiveCfg = Release|Any CPU
		{442EC783-5B77-459D-9C32-6ACD8D1CF4BB}.Release|Any CPU.Build.0 = Release|Any CPU
	EndGlobalSection
	GlobalSection(SolutionProperties) = preSolution
		HideSolutionNode = FALSE
	EndGlobalSection
	GlobalSection(ExtensibilityGlobals) = postSolution
		SolutionGuid = {5459E80F-983E-4BF8-9E00-EBD46C054E1B}
	EndGlobalSection
EndGlobal
